
Microsoft Visual Studio Solution File, Format Version 12.00
Project("{FAE04EC0-301F-11D3-BF4B-00C04F79EFBC}") = "genetic-algorithm-ts", "genetic-algorithm-ts\genetic-algorithm-ts.csproj", "{1BDFED40-C194-4F18-8A20-45129C126C87}"
EndProject
Global
	GlobalSection(SolutionConfigurationPlatforms) = preSolution
		Debug|Any CPU = Debug|Any CPU
		Release|Any CPU = Release|Any CPU
	EndGlobalSection
	GlobalSection(ProjectConfigurationPlatforms) = postSolution
		{1BDFED40-C194-4F18-8A20-45129C126C87}.Debug|Any CPU.ActiveCfg = Debug|Any CPU
		{1BDFED40-C194-4F18-8A20-45129C126C87}.Debug|Any CPU.Build.0 = Debug|Any CPU
		{1BDFED40-C194-4F18-8A20-45129C126C87}.Release|Any CPU.ActiveCfg = Release|Any CPU
		{1BDFED40-C194-4F18-8A20-45129C126C87}.Release|Any CPU.Build.0 = Release|Any CPU
	EndGlobalSection
EndGlobal
