
Microsoft Visual Studio Solution File, Format Version 12.00
Project("{FAE04EC0-301F-11D3-BF4B-00C04F79EFBC}") = "genetic-algorithm-ts", "genetic-algorithm-ts\genetic-algorithm-ts.csproj", "{DBDE8B59-420A-4C54-A79C-82ADB5C53FA3}"
EndProject
Project("{FAE04EC0-301F-11D3-BF4B-00C04F79EFBC}") = "genetic-algorithm-ts.app", "genetic-algorithm-ts.app\genetic-algorithm-ts.app.csproj", "{8AE0F91C-53B1-4711-9373-03F0EFF04641}"
EndProject
Global
	GlobalSection(SolutionConfigurationPlatforms) = preSolution
		Debug|Any CPU = Debug|Any CPU
		Release|Any CPU = Release|Any CPU
	EndGlobalSection
	GlobalSection(ProjectConfigurationPlatforms) = postSolution
		{DBDE8B59-420A-4C54-A79C-82ADB5C53FA3}.Debug|Any CPU.ActiveCfg = Debug|Any CPU
		{DBDE8B59-420A-4C54-A79C-82ADB5C53FA3}.Debug|Any CPU.Build.0 = Debug|Any CPU
		{DBDE8B59-420A-4C54-A79C-82ADB5C53FA3}.Release|Any CPU.ActiveCfg = Release|Any CPU
		{DBDE8B59-420A-4C54-A79C-82ADB5C53FA3}.Release|Any CPU.Build.0 = Release|Any CPU
		{8AE0F91C-53B1-4711-9373-03F0EFF04641}.Debug|Any CPU.ActiveCfg = Debug|Any CPU
		{8AE0F91C-53B1-4711-9373-03F0EFF04641}.Debug|Any CPU.Build.0 = Debug|Any CPU
		{8AE0F91C-53B1-4711-9373-03F0EFF04641}.Release|Any CPU.ActiveCfg = Release|Any CPU
		{8AE0F91C-53B1-4711-9373-03F0EFF04641}.Release|Any CPU.Build.0 = Release|Any CPU
	EndGlobalSection
EndGlobal
